
Microsoft Visual Studio Solution File, Format Version 12.00
# Visual Studio 15
VisualStudioVersion = 15.0.27703.2042
MinimumVisualStudioVersion = 10.0.40219.1
Project("{2150E333-8FDC-42A3-9474-1A3956D46DE8}") = "Solution Items", "Solution Items", "{45991C83-871A-4411-BA15-2A850C9EA855}"
	ProjectSection(SolutionItems) = preProject
		LICENCE.TXT = LICENCE.TXT
		README.md = README.md
	EndProjectSection
EndProject
Project("{FAE04EC0-301F-11D3-BF4B-00C04F79EFBC}") = "Mamesaver", "Mamesaver\Mamesaver.csproj", "{720F7E49-8C21-43F8-8946-8D16D68BF839}"
EndProject
Project("{930C7802-8A8C-48F9-8165-68863BCCD9DD}") = "MamesaverDeploy", "MamesaverDeploy\MamesaverDeploy.wixproj", "{896ED757-66C2-4C7E-9323-FC5D9CC7B7D2}"
EndProject
Project("{FAE04EC0-301F-11D3-BF4B-00C04F79EFBC}") = "Mamesaver.Test", "Mamesaver.Test\Mamesaver.Test.csproj", "{98F0D731-FC1C-4659-8EEB-7489331621D6}"
EndProject
Project("{FAE04EC0-301F-11D3-BF4B-00C04F79EFBC}") = "Mamesaver.Config", "Mamesaver.Config\Mamesaver.Config.csproj", "{42A11EE9-5AEA-4EAD-A264-5F3966BDD487}"
EndProject
Project("{FAE04EC0-301F-11D3-BF4B-00C04F79EFBC}") = "Mamesaver.Services", "Mamesaver.Services\Mamesaver.Services.csproj", "{52E0EFC7-FDB1-4B4F-9555-3D2CA30A7675}"
EndProject
Project("{FAE04EC0-301F-11D3-BF4B-00C04F79EFBC}") = "Mamesaver.Models", "Mamesaver.Models\Mamesaver.Models.csproj", "{A15AA0A1-6644-46C0-AC9C-991DF3861C87}"
EndProject
Global
	GlobalSection(Performance) = preSolution
		HasPerformanceSessions = true
	EndGlobalSection
	GlobalSection(SolutionConfigurationPlatforms) = preSolution
		Debug|Any CPU = Debug|Any CPU
		Release|Any CPU = Release|Any CPU
	EndGlobalSection
	GlobalSection(ProjectConfigurationPlatforms) = postSolution
		{720F7E49-8C21-43F8-8946-8D16D68BF839}.Debug|Any CPU.ActiveCfg = Debug|Any CPU
		{720F7E49-8C21-43F8-8946-8D16D68BF839}.Debug|Any CPU.Build.0 = Debug|Any CPU
		{720F7E49-8C21-43F8-8946-8D16D68BF839}.Release|Any CPU.ActiveCfg = Release|Any CPU
		{720F7E49-8C21-43F8-8946-8D16D68BF839}.Release|Any CPU.Build.0 = Release|Any CPU
		{896ED757-66C2-4C7E-9323-FC5D9CC7B7D2}.Debug|Any CPU.ActiveCfg = Debug|x86
		{896ED757-66C2-4C7E-9323-FC5D9CC7B7D2}.Release|Any CPU.ActiveCfg = Release|x86
		{896ED757-66C2-4C7E-9323-FC5D9CC7B7D2}.Release|Any CPU.Build.0 = Release|x86
		{98F0D731-FC1C-4659-8EEB-7489331621D6}.Debug|Any CPU.ActiveCfg = Debug|Any CPU
		{98F0D731-FC1C-4659-8EEB-7489331621D6}.Debug|Any CPU.Build.0 = Debug|Any CPU
		{98F0D731-FC1C-4659-8EEB-7489331621D6}.Release|Any CPU.ActiveCfg = Release|Any CPU
		{98F0D731-FC1C-4659-8EEB-7489331621D6}.Release|Any CPU.Build.0 = Release|Any CPU
		{42A11EE9-5AEA-4EAD-A264-5F3966BDD487}.Debug|Any CPU.ActiveCfg = Debug|Any CPU
		{42A11EE9-5AEA-4EAD-A264-5F3966BDD487}.Debug|Any CPU.Build.0 = Debug|Any CPU
		{42A11EE9-5AEA-4EAD-A264-5F3966BDD487}.Release|Any CPU.ActiveCfg = Release|Any CPU
		{42A11EE9-5AEA-4EAD-A264-5F3966BDD487}.Release|Any CPU.Build.0 = Release|Any CPU
		{52E0EFC7-FDB1-4B4F-9555-3D2CA30A7675}.Debug|Any CPU.ActiveCfg = Debug|Any CPU
		{52E0EFC7-FDB1-4B4F-9555-3D2CA30A7675}.Debug|Any CPU.Build.0 = Debug|Any CPU
		{52E0EFC7-FDB1-4B4F-9555-3D2CA30A7675}.Release|Any CPU.ActiveCfg = Release|Any CPU
		{52E0EFC7-FDB1-4B4F-9555-3D2CA30A7675}.Release|Any CPU.Build.0 = Release|Any CPU
		{A15AA0A1-6644-46C0-AC9C-991DF3861C87}.Debug|Any CPU.ActiveCfg = Debug|Any CPU
		{A15AA0A1-6644-46C0-AC9C-991DF3861C87}.Debug|Any CPU.Build.0 = Debug|Any CPU
		{A15AA0A1-6644-46C0-AC9C-991DF3861C87}.Release|Any CPU.ActiveCfg = Release|Any CPU
		{A15AA0A1-6644-46C0-AC9C-991DF3861C87}.Release|Any CPU.Build.0 = Release|Any CPU
	EndGlobalSection
	GlobalSection(SolutionProperties) = preSolution
		HideSolutionNode = FALSE
	EndGlobalSection
	GlobalSection(ExtensibilityGlobals) = postSolution
		SolutionGuid = {F1BAA9BF-BAF0-43DE-8918-5F6AC93D0DBC}
	EndGlobalSection
EndGlobal
